// !$*UTF8*$!
{
	archiveVersion = 1;
	classes = {
	};
	objectVersion = 46;
	objects = {

/* Begin PBXBuildFile section */
		A110A5DC6CC1183F81F873AA /* Pods_WeatherTracker.framework in Frameworks */ = {isa = PBXBuildFile; fileRef = C228E1258C1B05A49BF6582F /* Pods_WeatherTracker.framework */; };
		F64ED34D1ECC20DB00B4C867 /* AppDelegate.swift in Sources */ = {isa = PBXBuildFile; fileRef = F64ED34C1ECC20DB00B4C867 /* AppDelegate.swift */; };
		F64ED34F1ECC20DB00B4C867 /* WeatherVC.swift in Sources */ = {isa = PBXBuildFile; fileRef = F64ED34E1ECC20DB00B4C867 /* WeatherVC.swift */; };
		F64ED3521ECC20DB00B4C867 /* Main.storyboard in Resources */ = {isa = PBXBuildFile; fileRef = F64ED3501ECC20DB00B4C867 /* Main.storyboard */; };
		F64ED3541ECC20DB00B4C867 /* Assets.xcassets in Resources */ = {isa = PBXBuildFile; fileRef = F64ED3531ECC20DB00B4C867 /* Assets.xcassets */; };
		F64ED3571ECC20DB00B4C867 /* LaunchScreen.storyboard in Resources */ = {isa = PBXBuildFile; fileRef = F64ED3551ECC20DB00B4C867 /* LaunchScreen.storyboard */; };
		F6527F1F1ECCCF8B008CA459 /* Constants.swift in Sources */ = {isa = PBXBuildFile; fileRef = F6527F1E1ECCCF8B008CA459 /* Constants.swift */; };
		F6527F211ECCD242008CA459 /* CurrentWeather.swift in Sources */ = {isa = PBXBuildFile; fileRef = F6527F201ECCD242008CA459 /* CurrentWeather.swift */; };
		F6527F231ECCF64E008CA459 /* Forecast.swift in Sources */ = {isa = PBXBuildFile; fileRef = F6527F221ECCF64E008CA459 /* Forecast.swift */; };
		F6527F251ECD62F1008CA459 /* WeatherCell.swift in Sources */ = {isa = PBXBuildFile; fileRef = F6527F241ECD62F1008CA459 /* WeatherCell.swift */; };
		F6527F271ECDF0A9008CA459 /* Location.swift in Sources */ = {isa = PBXBuildFile; fileRef = F6527F261ECDF0A9008CA459 /* Location.swift */; };
/* End PBXBuildFile section */

/* Begin PBXFileReference section */
		C228E1258C1B05A49BF6582F /* Pods_WeatherTracker.framework */ = {isa = PBXFileReference; explicitFileType = wrapper.framework; includeInIndex = 0; path = Pods_WeatherTracker.framework; sourceTree = BUILT_PRODUCTS_DIR; };
		CD83C549DF017084BB42D195 /* Pods-WeatherTracker.debug.xcconfig */ = {isa = PBXFileReference; includeInIndex = 1; lastKnownFileType = text.xcconfig; name = "Pods-WeatherTracker.debug.xcconfig"; path = "Pods/Target Support Files/Pods-WeatherTracker/Pods-WeatherTracker.debug.xcconfig"; sourceTree = "<group>"; };
		F347DF1B84E80BE0C279A648 /* Pods-WeatherTracker.release.xcconfig */ = {isa = PBXFileReference; includeInIndex = 1; lastKnownFileType = text.xcconfig; name = "Pods-WeatherTracker.release.xcconfig"; path = "Pods/Target Support Files/Pods-WeatherTracker/Pods-WeatherTracker.release.xcconfig"; sourceTree = "<group>"; };
		F64ED3491ECC20DB00B4C867 /* WeatherTracker.app */ = {isa = PBXFileReference; explicitFileType = wrapper.application; includeInIndex = 0; path = WeatherTracker.app; sourceTree = BUILT_PRODUCTS_DIR; };
		F64ED34C1ECC20DB00B4C867 /* AppDelegate.swift */ = {isa = PBXFileReference; lastKnownFileType = sourcecode.swift; path = AppDelegate.swift; sourceTree = "<group>"; };
		F64ED34E1ECC20DB00B4C867 /* WeatherVC.swift */ = {isa = PBXFileReference; lastKnownFileType = sourcecode.swift; path = WeatherVC.swift; sourceTree = "<group>"; };
		F64ED3511ECC20DB00B4C867 /* Base */ = {isa = PBXFileReference; lastKnownFileType = file.storyboard; name = Base; path = Base.lproj/Main.storyboard; sourceTree = "<group>"; };
		F64ED3531ECC20DB00B4C867 /* Assets.xcassets */ = {isa = PBXFileReference; lastKnownFileType = folder.assetcatalog; path = Assets.xcassets; sourceTree = "<group>"; };
		F64ED3561ECC20DB00B4C867 /* Base */ = {isa = PBXFileReference; lastKnownFileType = file.storyboard; name = Base; path = Base.lproj/LaunchScreen.storyboard; sourceTree = "<group>"; };
		F64ED3581ECC20DB00B4C867 /* Info.plist */ = {isa = PBXFileReference; lastKnownFileType = text.plist.xml; path = Info.plist; sourceTree = "<group>"; };
		F6527F1E1ECCCF8B008CA459 /* Constants.swift */ = {isa = PBXFileReference; fileEncoding = 4; lastKnownFileType = sourcecode.swift; path = Constants.swift; sourceTree = "<group>"; };
		F6527F201ECCD242008CA459 /* CurrentWeather.swift */ = {isa = PBXFileReference; fileEncoding = 4; lastKnownFileType = sourcecode.swift; path = CurrentWeather.swift; sourceTree = "<group>"; };
		F6527F221ECCF64E008CA459 /* Forecast.swift */ = {isa = PBXFileReference; fileEncoding = 4; lastKnownFileType = sourcecode.swift; path = Forecast.swift; sourceTree = "<group>"; };
		F6527F241ECD62F1008CA459 /* WeatherCell.swift */ = {isa = PBXFileReference; fileEncoding = 4; lastKnownFileType = sourcecode.swift; path = WeatherCell.swift; sourceTree = "<group>"; };
		F6527F261ECDF0A9008CA459 /* Location.swift */ = {isa = PBXFileReference; fileEncoding = 4; lastKnownFileType = sourcecode.swift; path = Location.swift; sourceTree = "<group>"; };
/* End PBXFileReference section */

/* Begin PBXFrameworksBuildPhase section */
		F64ED3461ECC20DB00B4C867 /* Frameworks */ = {
			isa = PBXFrameworksBuildPhase;
			buildActionMask = 2147483647;
			files = (
				A110A5DC6CC1183F81F873AA /* Pods_WeatherTracker.framework in Frameworks */,
			);
			runOnlyForDeploymentPostprocessing = 0;
		};
/* End PBXFrameworksBuildPhase section */

/* Begin PBXGroup section */
		5E24C249F612A130A3AACD05 /* Pods */ = {
			isa = PBXGroup;
			children = (
				CD83C549DF017084BB42D195 /* Pods-WeatherTracker.debug.xcconfig */,
				F347DF1B84E80BE0C279A648 /* Pods-WeatherTracker.release.xcconfig */,
			);
			name = Pods;
			sourceTree = "<group>";
		};
		CA5307E3495762F7ED948C04 /* Frameworks */ = {
			isa = PBXGroup;
			children = (
				C228E1258C1B05A49BF6582F /* Pods_WeatherTracker.framework */,
			);
			name = Frameworks;
			sourceTree = "<group>";
		};
		F64ED3401ECC20DB00B4C867 = {
			isa = PBXGroup;
			children = (
				F64ED34B1ECC20DB00B4C867 /* WeatherTracker */,
				F64ED34A1ECC20DB00B4C867 /* Products */,
				5E24C249F612A130A3AACD05 /* Pods */,
				CA5307E3495762F7ED948C04 /* Frameworks */,
			);
			sourceTree = "<group>";
		};
		F64ED34A1ECC20DB00B4C867 /* Products */ = {
			isa = PBXGroup;
			children = (
				F64ED3491ECC20DB00B4C867 /* WeatherTracker.app */,
			);
			name = Products;
			sourceTree = "<group>";
		};
		F64ED34B1ECC20DB00B4C867 /* WeatherTracker */ = {
			isa = PBXGroup;
			children = (
				F64ED34C1ECC20DB00B4C867 /* AppDelegate.swift */,
				F6527F1E1ECCCF8B008CA459 /* Constants.swift */,
				F6527F201ECCD242008CA459 /* CurrentWeather.swift */,
				F6527F221ECCF64E008CA459 /* Forecast.swift */,
				F6527F261ECDF0A9008CA459 /* Location.swift */,
				F6527F241ECD62F1008CA459 /* WeatherCell.swift */,
				F64ED34E1ECC20DB00B4C867 /* WeatherVC.swift */,
				F64ED3501ECC20DB00B4C867 /* Main.storyboard */,
				F64ED3551ECC20DB00B4C867 /* LaunchScreen.storyboard */,
				F64ED3531ECC20DB00B4C867 /* Assets.xcassets */,
				F64ED3581ECC20DB00B4C867 /* Info.plist */,
			);
			path = WeatherTracker;
			sourceTree = "<group>";
		};
/* End PBXGroup section */

/* Begin PBXNativeTarget section */
		F64ED3481ECC20DB00B4C867 /* WeatherTracker */ = {
			isa = PBXNativeTarget;
			buildConfigurationList = F64ED35B1ECC20DB00B4C867 /* Build configuration list for PBXNativeTarget "WeatherTracker" */;
			buildPhases = (
				E9C582F0A62BC420E5F07E92 /* [CP] Check Pods Manifest.lock */,
				F64ED3451ECC20DB00B4C867 /* Sources */,
				F64ED3461ECC20DB00B4C867 /* Frameworks */,
				F64ED3471ECC20DB00B4C867 /* Resources */,
				41F50F2C639682D99C1412D9 /* [CP] Embed Pods Frameworks */,
				97C6B7CC10564585B868F0F7 /* [CP] Copy Pods Resources */,
			);
			buildRules = (
			);
			dependencies = (
			);
			name = WeatherTracker;
			productName = WeatherTracker;
			productReference = F64ED3491ECC20DB00B4C867 /* WeatherTracker.app */;
			productType = "com.apple.product-type.application";
		};
/* End PBXNativeTarget section */

/* Begin PBXProject section */
		F64ED3411ECC20DB00B4C867 /* Project object */ = {
			isa = PBXProject;
			attributes = {
				LastSwiftUpdateCheck = 0830;
				LastUpgradeCheck = 0830;
				ORGANIZATIONNAME = "Lane Faison";
				TargetAttributes = {
					F64ED3481ECC20DB00B4C867 = {
						CreatedOnToolsVersion = 8.3.2;
						DevelopmentTeam = 34KC4VR7Y2;
						ProvisioningStyle = Automatic;
					};
				};
			};
			buildConfigurationList = F64ED3441ECC20DB00B4C867 /* Build configuration list for PBXProject "WeatherTracker" */;
			compatibilityVersion = "Xcode 3.2";
			developmentRegion = English;
			hasScannedForEncodings = 0;
			knownRegions = (
				en,
				Base,
			);
			mainGroup = F64ED3401ECC20DB00B4C867;
			productRefGroup = F64ED34A1ECC20DB00B4C867 /* Products */;
			projectDirPath = "";
			projectRoot = "";
			targets = (
				F64ED3481ECC20DB00B4C867 /* WeatherTracker */,
			);
		};
/* End PBXProject section */

/* Begin PBXResourcesBuildPhase section */
		F64ED3471ECC20DB00B4C867 /* Resources */ = {
			isa = PBXResourcesBuildPhase;
			buildActionMask = 2147483647;
			files = (
				F64ED3571ECC20DB00B4C867 /* LaunchScreen.storyboard in Resources */,
				F64ED3541ECC20DB00B4C867 /* Assets.xcassets in Resources */,
				F64ED3521ECC20DB00B4C867 /* Main.storyboard in Resources */,
			);
			runOnlyForDeploymentPostprocessing = 0;
		};
/* End PBXResourcesBuildPhase section */

/* Begin PBXShellScriptBuildPhase section */
		41F50F2C639682D99C1412D9 /* [CP] Embed Pods Frameworks */ = {
			isa = PBXShellScriptBuildPhase;
			buildActionMask = 2147483647;
			files = (
			);
			inputPaths = (
			);
			name = "[CP] Embed Pods Frameworks";
			outputPaths = (
			);
			runOnlyForDeploymentPostprocessing = 0;
			shellPath = /bin/sh;
			shellScript = "\"${SRCROOT}/Pods/Target Support Files/Pods-WeatherTracker/Pods-WeatherTracker-frameworks.sh\"\n";
			showEnvVarsInLog = 0;
		};
		97C6B7CC10564585B868F0F7 /* [CP] Copy Pods Resources */ = {
			isa = PBXShellScriptBuildPhase;
			buildActionMask = 2147483647;
			files = (
			);
			inputPaths = (
			);
			name = "[CP] Copy Pods Resources";
			outputPaths = (
			);
			runOnlyForDeploymentPostprocessing = 0;
			shellPath = /bin/sh;
			shellScript = "\"${SRCROOT}/Pods/Target Support Files/Pods-WeatherTracker/Pods-WeatherTracker-resources.sh\"\n";
			showEnvVarsInLog = 0;
		};
		E9C582F0A62BC420E5F07E92 /* [CP] Check Pods Manifest.lock */ = {
			isa = PBXShellScriptBuildPhase;
			buildActionMask = 2147483647;
			files = (
			);
			inputPaths = (
			);
			name = "[CP] Check Pods Manifest.lock";
			outputPaths = (
			);
			runOnlyForDeploymentPostprocessing = 0;
			shellPath = /bin/sh;
			shellScript = "diff \"${PODS_PODFILE_DIR_PATH}/Podfile.lock\" \"${PODS_ROOT}/Manifest.lock\" > /dev/null\nif [ $? != 0 ] ; then\n    # print error to STDERR\n    echo \"error: The sandbox is not in sync with the Podfile.lock. Run 'pod install' or update your CocoaPods installation.\" >&2\n    exit 1\nfi\n";
			showEnvVarsInLog = 0;
		};
/* End PBXShellScriptBuildPhase section */

/* Begin PBXSourcesBuildPhase section */
		F64ED3451ECC20DB00B4C867 /* Sources */ = {
			isa = PBXSourcesBuildPhase;
			buildActionMask = 2147483647;
			files = (
				F64ED34F1ECC20DB00B4C867 /* WeatherVC.swift in Sources */,
				F64ED34D1ECC20DB00B4C867 /* AppDelegate.swift in Sources */,
				F6527F251ECD62F1008CA459 /* WeatherCell.swift in Sources */,
				F6527F211ECCD242008CA459 /* CurrentWeather.swift in Sources */,
				F6527F1F1ECCCF8B008CA459 /* Constants.swift in Sources */,
				F6527F231ECCF64E008CA459 /* Forecast.swift in Sources */,
				F6527F271ECDF0A9008CA459 /* Location.swift in Sources */,
			);
			runOnlyForDeploymentPostprocessing = 0;
		};
/* End PBXSourcesBuildPhase section */

/* Begin PBXVariantGroup section */
		F64ED3501ECC20DB00B4C867 /* Main.storyboard */ = {
			isa = PBXVariantGroup;
			children = (
				F64ED3511ECC20DB00B4C867 /* Base */,
			);
			name = Main.storyboard;
			sourceTree = "<group>";
		};
		F64ED3551ECC20DB00B4C867 /* LaunchScreen.storyboard */ = {
			isa = PBXVariantGroup;
			children = (
				F64ED3561ECC20DB00B4C867 /* Base */,
			);
			name = LaunchScreen.storyboard;
			sourceTree = "<group>";
		};
/* End PBXVariantGroup section */

/* Begin XCBuildConfiguration section */
		F64ED3591ECC20DB00B4C867 /* Debug */ = {
			isa = XCBuildConfiguration;
			buildSettings = {
				ALWAYS_SEARCH_USER_PATHS = NO;
				CLANG_ANALYZER_NONNULL = YES;
				CLANG_ANALYZER_NUMBER_OBJECT_CONVERSION = YES_AGGRESSIVE;
				CLANG_CXX_LANGUAGE_STANDARD = "gnu++0x";
				CLANG_CXX_LIBRARY = "libc++";
				CLANG_ENABLE_MODULES = YES;
				CLANG_ENABLE_OBJC_ARC = YES;
				CLANG_WARN_BOOL_CONVERSION = YES;
				CLANG_WARN_CONSTANT_CONVERSION = YES;
				CLANG_WARN_DIRECT_OBJC_ISA_USAGE = YES_ERROR;
				CLANG_WARN_DOCUMENTATION_COMMENTS = YES;
				CLANG_WARN_EMPTY_BODY = YES;
				CLANG_WARN_ENUM_CONVERSION = YES;
				CLANG_WARN_INFINITE_RECURSION = YES;
				CLANG_WARN_INT_CONVERSION = YES;
				CLANG_WARN_OBJC_ROOT_CLASS = YES_ERROR;
				CLANG_WARN_SUSPICIOUS_MOVE = YES;
				CLANG_WARN_UNREACHABLE_CODE = YES;
				CLANG_WARN__DUPLICATE_METHOD_MATCH = YES;
				"CODE_SIGN_IDENTITY[sdk=iphoneos*]" = "iPhone Developer";
				COPY_PHASE_STRIP = NO;
				DEBUG_INFORMATION_FORMAT = dwarf;
				ENABLE_STRICT_OBJC_MSGSEND = YES;
				ENABLE_TESTABILITY = YES;
				GCC_C_LANGUAGE_STANDARD = gnu99;
				GCC_DYNAMIC_NO_PIC = NO;
				GCC_NO_COMMON_BLOCKS = YES;
				GCC_OPTIMIZATION_LEVEL = 0;
				GCC_PREPROCESSOR_DEFINITIONS = (
					"DEBUG=1",
					"$(inherited)",
				);
				GCC_WARN_64_TO_32_BIT_CONVERSION = YES;
				GCC_WARN_ABOUT_RETURN_TYPE = YES_ERROR;
				GCC_WARN_UNDECLARED_SELECTOR = YES;
				GCC_WARN_UNINITIALIZED_AUTOS = YES_AGGRESSIVE;
				GCC_WARN_UNUSED_FUNCTION = YES;
				GCC_WARN_UNUSED_VARIABLE = YES;
				IPHONEOS_DEPLOYMENT_TARGET = 10.3;
				MTL_ENABLE_DEBUG_INFO = YES;
				ONLY_ACTIVE_ARCH = YES;
				SDKROOT = iphoneos;
				SWIFT_ACTIVE_COMPILATION_CONDITIONS = DEBUG;
				SWIFT_OPTIMIZATION_LEVEL = "-Onone";
			};
			name = Debug;
		};
		F64ED35A1ECC20DB00B4C867 /* Release */ = {
			isa = XCBuildConfiguration;
			buildSettings = {
				ALWAYS_SEARCH_USER_PATHS = NO;
				CLANG_ANALYZER_NONNULL = YES;
				CLANG_ANALYZER_NUMBER_OBJECT_CONVERSION = YES_AGGRESSIVE;
				CLANG_CXX_LANGUAGE_STANDARD = "gnu++0x";
				CLANG_CXX_LIBRARY = "libc++";
				CLANG_ENABLE_MODULES = YES;
				CLANG_ENABLE_OBJC_ARC = YES;
				CLANG_WARN_BOOL_CONVERSION = YES;
				CLANG_WARN_CONSTANT_CONVERSION = YES;
				CLANG_WARN_DIRECT_OBJC_ISA_USAGE = YES_ERROR;
				CLANG_WARN_DOCUMENTATION_COMMENTS = YES;
				CLANG_WARN_EMPTY_BODY = YES;
				CLANG_WARN_ENUM_CONVERSION = YES;
				CLANG_WARN_INFINITE_RECURSION = YES;
				CLANG_WARN_INT_CONVERSION = YES;
				CLANG_WARN_OBJC_ROOT_CLASS = YES_ERROR;
				CLANG_WARN_SUSPICIOUS_MOVE = YES;
				CLANG_WARN_UNREACHABLE_CODE = YES;
				CLANG_WARN__DUPLICATE_METHOD_MATCH = YES;
				"CODE_SIGN_IDENTITY[sdk=iphoneos*]" = "iPhone Developer";
				COPY_PHASE_STRIP = NO;
				DEBUG_INFORMATION_FORMAT = "dwarf-with-dsym";
				ENABLE_NS_ASSERTIONS = NO;
				ENABLE_STRICT_OBJC_MSGSEND = YES;
				GCC_C_LANGUAGE_STANDARD = gnu99;
				GCC_NO_COMMON_BLOCKS = YES;
				GCC_WARN_64_TO_32_BIT_CONVERSION = YES;
				GCC_WARN_ABOUT_RETURN_TYPE = YES_ERROR;
				GCC_WARN_UNDECLARED_SELECTOR = YES;
				GCC_WARN_UNINITIALIZED_AUTOS = YES_AGGRESSIVE;
				GCC_WARN_UNUSED_FUNCTION = YES;
				GCC_WARN_UNUSED_VARIABLE = YES;
				IPHONEOS_DEPLOYMENT_TARGET = 10.3;
				MTL_ENABLE_DEBUG_INFO = NO;
				SDKROOT = iphoneos;
				SWIFT_OPTIMIZATION_LEVEL = "-Owholemodule";
				VALIDATE_PRODUCT = YES;
			};
			name = Release;
		};
		F64ED35C1ECC20DB00B4C867 /* Debug */ = {
			isa = XCBuildConfiguration;
			baseConfigurationReference = CD83C549DF017084BB42D195 /* Pods-WeatherTracker.debug.xcconfig */;
			buildSettings = {
				ASSETCATALOG_COMPILER_APPICON_NAME = AppIcon;
				DEVELOPMENT_TEAM = 34KC4VR7Y2;
				INFOPLIST_FILE = WeatherTracker/Info.plist;
				LD_RUNPATH_SEARCH_PATHS = "$(inherited) @executable_path/Frameworks";
				PRODUCT_BUNDLE_IDENTIFIER = com.lanefaison.WeatherTracker;
				PRODUCT_NAME = "$(TARGET_NAME)";
				SWIFT_VERSION = 3.0;
			};
			name = Debug;
		};
		F64ED35D1ECC20DB00B4C867 /* Release */ = {
			isa = XCBuildConfiguration;
			baseConfigurationReference = F347DF1B84E80BE0C279A648 /* Pods-WeatherTracker.release.xcconfig */;
			buildSettings = {
				ASSETCATALOG_COMPILER_APPICON_NAME = AppIcon;
				DEVELOPMENT_TEAM = 34KC4VR7Y2;
				INFOPLIST_FILE = WeatherTracker/Info.plist;
				LD_RUNPATH_SEARCH_PATHS = "$(inherited) @executable_path/Frameworks";
				PRODUCT_BUNDLE_IDENTIFIER = com.lanefaison.WeatherTracker;
				PRODUCT_NAME = "$(TARGET_NAME)";
				SWIFT_VERSION = 3.0;
			};
			name = Release;
		};
/* End XCBuildConfiguration section */

/* Begin XCConfigurationList section */
		F64ED3441ECC20DB00B4C867 /* Build configuration list for PBXProject "WeatherTracker" */ = {
			isa = XCConfigurationList;
			buildConfigurations = (
				F64ED3591ECC20DB00B4C867 /* Debug */,
				F64ED35A1ECC20DB00B4C867 /* Release */,
			);
			defaultConfigurationIsVisible = 0;
			defaultConfigurationName = Release;
		};
		F64ED35B1ECC20DB00B4C867 /* Build configuration list for PBXNativeTarget "WeatherTracker" */ = {
			isa = XCConfigurationList;
			buildConfigurations = (
				F64ED35C1ECC20DB00B4C867 /* Debug */,
				F64ED35D1ECC20DB00B4C867 /* Release */,
			);
			defaultConfigurationIsVisible = 0;
			defaultConfigurationName = Release;
		};
/* End XCConfigurationList section */
	};
	rootObject = F64ED3411ECC20DB00B4C867 /* Project object */;
}
